dependencies:
  drv8353:
    dependencies:
    - name: idf
      version: '>=5.0'
    - name: espp/base_peripheral
      version: '>=1.0'
    source:
      path: ../../drv8353
      type: local
    version: '*'
  espp/adc:
    component_hash: caf124b00f87fb4e27712f5af8f4f529a9a90e6aa0dda0c1cb1a055e69215c04
    dependencies:
    - name: espp/base_component
      registry_url: https://components.espressif.com
      require: private
      version: '>=1.0'
    - name: espp/task
      registry_url: https://components.espressif.com
      require: private
      version: '>=1.0'
    - name: idf
      require: private
      version: '>=5.0'
    source:
      registry_url: https://components.espressif.com/
      type: service
    version: 1.1.3
  espp/base_component:
    component_hash: 044472522a07bb4f03f50885ad0f3684d26254ef7cb0ea73f21d11241cfe4fdd
    dependencies:
    - name: espp/logger
      registry_url: https://components.espressif.com
      require: private
      version: '>=1.0'
    - name: idf
      require: private
      version: '>=5.0'
    source:
      registry_url: https://components.espressif.com/
      type: service
    version: 1.1.3
  espp/base_peripheral:
    component_hash: f1b5be84a6f1e3150d1b3d4a6ca5c81be0da06d3be391cc869b795ac4d5b7b92
    dependencies:
    - name: espp/base_component
      registry_url: https://components.espressif.com
      require: private
      version: '>=1.0'
    - name: idf
      require: private
      version: '>=5.0'
    source:
      registry_url: https://components.espressif.com/
      type: service
    version: 1.1.3
  espp/bldc_driver:
    component_hash: b3eb24d77a8ccba50a3feec59fb7b4338e69a7adf22675ed1944e6e0ee64a485
    dependencies:
    - name: espp/base_component
      registry_url: https://components.espressif.com
      require: private
      version: '>=1.0'
    - name: idf
      require: private
      version: '>=5.0'
    source:
      registry_url: https://components.espressif.com/
      type: service
    version: 1.1.3
  espp/bldc_motor:
    component_hash: c4423ec6dc0415048eda7141bce846f78658d3d569d852e436bb87a269efff2e
    dependencies:
    - name: espp/base_component
      registry_url: https://components.espressif.com
      require: private
      version: '>=1.0'
    - name: espp/math
      registry_url: https://components.espressif.com
      require: private
      version: '>=1.0'
    - name: espp/pid
      registry_url: https://components.espressif.com
      require: private
      version: '>=1.0'
    - name: espp/task
      registry_url: https://components.espressif.com
      require: private
      version: '>=1.0'
    - name: idf
      require: private
      version: '>=5.0'
    source:
      registry_url: https://components.espressif.com/
      type: service
    version: 1.1.3
  espp/cli:
    component_hash: 28e6b5cd1413606c4dac270c1723db8db8e4f2456b4ca9e2cab708a49928c5e5
    dependencies:
    - name: espp/logger
      registry_url: https://components.espressif.com
      require: private
      version: '>=1.0'
    - name: idf
      require: private
      version: '>=5.0'
    source:
      registry_url: https://components.espressif.com
      type: service
    version: 1.1.3
  espp/filters:
    component_hash: ed07b671f83e913d40153a23fc8e4d3f62ebec959886c1804c6945c5d32cd01c
    dependencies:
    - name: espp/format
      registry_url: https://components.espressif.com
      require: private
      version: '>=1.0'
    - name: espp/math
      registry_url: https://components.espressif.com
      require: private
      version: '>=1.0'
    - name: espressif/esp-dsp
      registry_url: https://components.espressif.com
      require: private
      version: '>=1.6.4'
    - name: idf
      require: private
      version: '>=5.0'
    source:
      registry_url: https://components.espressif.com/
      type: service
    version: 1.1.3
  espp/format:
    component_hash: 997bc557fbb73549999699407f27856ad3c3cd9207e2e5f4af523e8dfc9ae659
    dependencies:
    - name: idf
      require: private
      version: '>=5.0'
    source:
      registry_url: https://components.espressif.com
      type: service
    version: 1.1.3
  espp/i2c:
    component_hash: 9bf20050c15005b7757baf2b73744f3f52fc42375e48364ea54e690137fa7f7f
    dependencies:
    - name: espp/base_component
      registry_url: https://components.espressif.com
      require: private
      version: '>=1.0'
    - name: espp/cli
      registry_url: https://components.espressif.com
      require: private
      version: '>=1.0'
    - name: espp/task
      registry_url: https://components.espressif.com
      require: private
      version: '>=1.0'
    - name: idf
      require: private
      version: '>=5.0'
    source:
      registry_url: https://components.espressif.com/
      type: service
    version: 1.1.3
  espp/interrupt:
    component_hash: 815e230b527fc13f8465496708004ff5d75feaf9c1bc3cbff874258bf03d7fb2
    dependencies:
    - name: espp/base_component
      registry_url: https://components.espressif.com
      require: private
      version: '>=1.0'
    - name: espp/task
      registry_url: https://components.espressif.com
      require: private
      version: '>=1.0'
    - name: idf
      require: private
      version: '>=5.0'
    source:
      registry_url: https://components.espressif.com/
      type: service
    version: 1.1.3
  espp/led:
    component_hash: 5ab292cb7c74bd87d872396cdb08a49a9f40154d872f0820a1afb8b46a4de558
    dependencies:
    - name: espp/base_component
      registry_url: https://components.espressif.com
      require: private
      version: '>=1.0'
    - name: espp/task
      registry_url: https://components.espressif.com
      require: private
      version: '>=1.0'
    - name: idf
      require: private
      version: '>=5.0'
    source:
      registry_url: https://components.espressif.com/
      type: service
    version: 1.1.3
  espp/logger:
    component_hash: 2a636c84d987a20b98cabbdcc65b92d9b6725d1c12cf2b3487d6ba60e452ef13
    dependencies:
    - name: espp/format
      registry_url: https://components.espressif.com
      require: private
      version: '>=1.0'
    - name: idf
      require: private
      version: '>=5.0'
    source:
      registry_url: https://components.espressif.com
      type: service
    version: 1.1.3
  espp/math:
    component_hash: 1b0697f00fd48606069cfe2923d9404509f7e73bb4901320a9704a358fe2750d
    dependencies:
    - name: espp/format
      registry_url: https://components.espressif.com
      require: private
      version: '>=1.0'
    - name: idf
      require: private
      version: '>=5.0'
    source:
      registry_url: https://components.espressif.com/
      type: service
    version: 1.1.3
  espp/mt6701:
    component_hash: 691d0381520feaee5e57417b550efe2eb5c084258cae566b76625a7fca57b03d
    dependencies:
    - name: espp/base_peripheral
      registry_url: https://components.espressif.com
      require: private
      version: '>=1.0'
    - name: espp/timer
      registry_url: https://components.espressif.com
      require: private
      version: '>=1.0'
    - name: idf
      require: private
      version: '>=5.0'
    source:
      registry_url: https://components.espressif.com/
      type: service
    version: 1.1.3
  espp/pid:
    component_hash: d69ed71dbe862d937933a1a2cb25e5b2c2c4a88524e03c05c77c840053d29c7b
    dependencies:
    - name: espp/base_component
      registry_url: https://components.espressif.com
      require: private
      version: '>=1.0'
    - name: idf
      require: private
      version: '>=5.0'
    source:
      registry_url: https://components.espressif.com/
      type: service
    version: 1.1.3
  espp/spi:
    component_hash: 4c0ae67a493645dd8ae1e821075af448acaa99a0a443d83c762c145105d739db
    dependencies:
    - name: espp/base_component
      registry_url: https://components.espressif.com
      require: private
      version: '>=1.0'
    - name: espp/task
      registry_url: https://components.espressif.com
      require: private
      version: '>=1.0'
    - name: idf
      require: private
      version: '>=5.0'
    source:
      registry_url: https://components.espressif.com/
      type: service
    version: 1.1.3
  espp/task:
    component_hash: f297d7227371c41d6a2188c7a90705829006154937192a41064b5103288308cd
    dependencies:
    - name: espp/base_component
      registry_url: https://components.espressif.com
      require: private
      version: '>=1.0'
    - name: idf
      require: private
      version: '>=5.0'
    source:
      registry_url: https://components.espressif.com
      type: service
    version: 1.1.3
  espp/timer:
    component_hash: e5bdbd8870288a3c632be53240a7cd7fb32a48f49c56d6dcf6e46b75e6068a23
    dependencies:
    - name: espp/task
      registry_url: https://components.espressif.com
      require: private
      version: '>=1.0'
    - name: idf
      require: private
      version: '>=5.0'
    source:
      registry_url: https://components.espressif.com/
      type: service
    version: 1.1.3
  espressif/esp-dsp:
    component_hash: ed9ac175b14e0414399a2b33c525579414b5bad19a2a67b12ea212def96f9a98
    dependencies:
    - name: idf
      require: private
      version: '>=4.2'
    source:
      registry_url: https://components.espressif.com
      type: service
    version: 1.8.2
  idf:
    source:
      type: idf
    version: 6.0.0
  lm75adp:
    dependencies:
    - name: idf
      version: '>=5.0'
    - name: espp/base_peripheral
      version: '>=1.0'
    source:
      path: ../../lm75adp
      type: local
    version: '*'
direct_dependencies:
- drv8353
- espp/adc
- espp/base_component
- espp/base_peripheral
- espp/bldc_driver
- espp/bldc_motor
- espp/filters
- espp/i2c
- espp/interrupt
- espp/led
- espp/math
- espp/mt6701
- espp/pid
- espp/spi
- espp/timer
- idf
- lm75adp
manifest_hash: 52c02bff6dad65d6ca694c0b0acba6bd7aa68364f1d5c5cb52ebd6993363b813
target: esp32s3
version: 3.0.0
