dependencies:
  drv8353:
    dependencies:
    - name: idf
      version: '>=5.0'
    - name: espp/base_peripheral
      version: '>=1.0'
    source:
      path: ../../drv8353
      type: local
    version: '*'
  espp/adc:
    component_hash: 8df5e759a2ce090b1d084c4ee5c4e9ac9a60d48a1736f524c29696bd6e99ee4d
    dependencies:
    - name: espp/base_component
      registry_url: https://components.espressif.com
      require: private
      version: '>=1.0'
    - name: espp/task
      registry_url: https://components.espressif.com
      require: private
      version: '>=1.0'
    - name: idf
      require: private
      version: '>=5.0'
    source:
      registry_url: https://components.espressif.com/
      type: service
    version: 1.1.1
  espp/base_component:
    component_hash: 5651445974f90d0686116afaec12615f1552632713cbc194bb984062799c3350
    dependencies:
    - name: espp/logger
      registry_url: https://components.espressif.com
      require: private
      version: '>=1.0'
    - name: idf
      require: private
      version: '>=5.0'
    source:
      registry_url: https://components.espressif.com/
      type: service
    version: 1.2.0
  espp/base_peripheral:
    component_hash: 16772a02f5cd2f5521c0a1c2fe2724c57076ac12d42f843dc9ffdc501601affa
    dependencies:
    - name: espp/base_component
      registry_url: https://components.espressif.com
      require: private
      version: '>=1.0'
    - name: idf
      require: private
      version: '>=5.0'
    source:
      registry_url: https://components.espressif.com/
      type: service
    version: 1.2.0
  espp/bldc_driver:
    component_hash: 8d89242f6a8306616c192d2aed234885ba3c07d56b91490f35773d0334ab31eb
    dependencies:
    - name: idf
      require: private
      version: '>=5.0'
    - name: espp/base_component
      registry_url: https://components.espressif.com
      require: private
      version: '>=1.0'
    source:
      registry_url: https://components.espressif.com/
      type: service
    version: 1.1.1
  espp/bldc_motor:
    component_hash: a61e3ae839d2f109271952e26a2f7134bcc78297188a186fa23ec2d82f77a737
    dependencies:
    - name: espp/base_component
      registry_url: https://components.espressif.com
      require: private
      version: '>=1.0'
    - name: espp/math
      registry_url: https://components.espressif.com
      require: private
      version: '>=1.0'
    - name: espp/pid
      registry_url: https://components.espressif.com
      require: private
      version: '>=1.0'
    - name: espp/task
      registry_url: https://components.espressif.com
      require: private
      version: '>=1.0'
    - name: idf
      require: private
      version: '>=5.0'
    source:
      registry_url: https://components.espressif.com/
      type: service
    version: 1.1.1
  espp/cli:
    component_hash: 495bd10e340b1be69889cad02b7ad5113fac403b6afd14ed35b41d8fea78a3d7
    dependencies:
    - name: espp/logger
      registry_url: https://components.espressif.com
      require: private
      version: '>=1.0'
    - name: idf
      require: private
      version: '>=5.0'
    source:
      registry_url: https://components.espressif.com
      type: service
    version: 1.2.0
  espp/ethernet:
    component_hash: 0f34e6b4b5cc5c0c495a5d23ece41999dede42596e824b3ba570089270c521bb
    dependencies:
    - name: espp/base_component
      registry_url: https://components.espressif.com
      require: private
      version: '>=1.0'
    - name: espressif/dm9051
      registry_url: https://components.espressif.com
      require: private
      rules:
      - if: $CONFIG{ESPP_ETHERNET_DM9051} == True
      version: '*'
    - name: espressif/enc28j60
      registry_url: https://components.espressif.com
      require: private
      rules:
      - if: $CONFIG{ESPP_ETHERNET_ENC28J60} == True
      version: '*'
    - name: espressif/w5500
      registry_url: https://components.espressif.com
      require: private
      rules:
      - if: $CONFIG{ESPP_ETHERNET_W5500} == True
      version: ^2.0.0
    - name: idf
      require: private
      version: '>=5.4'
    source:
      registry_url: https://components.espressif.com/
      type: service
    version: 1.2.0
  espp/filters:
    component_hash: f32189ff46426dacc5ec3bdcf5901e73e8d1004fcbfc16f4997a385a8c5e2302
    dependencies:
    - name: espp/format
      registry_url: https://components.espressif.com
      require: private
      version: '>=1.0'
    - name: espp/math
      registry_url: https://components.espressif.com
      require: private
      version: '>=1.0'
    - name: espressif/esp-dsp
      registry_url: https://components.espressif.com
      require: private
      version: '>=1.6.4'
    - name: idf
      require: private
      version: '>=5.0'
    source:
      registry_url: https://components.espressif.com/
      type: service
    version: 1.1.1
  espp/format:
    component_hash: 6fac1268bda6124e276943c8c85d406b8142b99ffcfab2025d313119315004a8
    dependencies:
    - name: idf
      require: private
      version: '>=5.0'
    source:
      registry_url: https://components.espressif.com
      type: service
    version: 1.2.0
  espp/i2c:
    component_hash: 38b4cbd740ad89e7d96e61f7420f48b7bd7b69a11ebfc4b66ec1ecabbeb0412b
    dependencies:
    - name: espp/base_component
      registry_url: https://components.espressif.com
      require: private
      version: '>=1.0'
    - name: espp/cli
      registry_url: https://components.espressif.com
      require: private
      version: '>=1.0'
    - name: espp/task
      registry_url: https://components.espressif.com
      require: private
      version: '>=1.0'
    - name: idf
      require: private
      version: '>=5.0'
    source:
      registry_url: https://components.espressif.com/
      type: service
    version: 1.1.1
  espp/interrupt:
    component_hash: d104e57d02c8f9e94709354a388d564ab13d2b958bf81f473ea4e4bf5e0fdc60
    dependencies:
    - name: espp/base_component
      registry_url: https://components.espressif.com
      require: private
      version: '>=1.0'
    - name: espp/task
      registry_url: https://components.espressif.com
      require: private
      version: '>=1.0'
    - name: idf
      require: private
      version: '>=5.0'
    source:
      registry_url: https://components.espressif.com/
      type: service
    version: 1.1.1
  espp/led:
    component_hash: 4132466e1180e5d53efab93e1369133ec2ae250d874a45f163e9789566db1e5b
    dependencies:
    - name: espp/base_component
      registry_url: https://components.espressif.com
      require: private
      version: '>=1.0'
    - name: espp/task
      registry_url: https://components.espressif.com
      require: private
      version: '>=1.0'
    - name: idf
      require: private
      version: '>=5.0'
    source:
      registry_url: https://components.espressif.com/
      type: service
    version: 1.1.1
  espp/logger:
    component_hash: 061e900870fecd8e9ce74f47dbc0fed541a993eed9e4d7d7835d4d6506ba1d23
    dependencies:
    - name: espp/format
      registry_url: https://components.espressif.com
      require: private
      version: '>=1.0'
    - name: idf
      require: private
      version: '>=5.0'
    source:
      registry_url: https://components.espressif.com
      type: service
    version: 1.2.0
  espp/math:
    component_hash: 34da2b7150e5b89baa0c1757afc9bd2d0d6f8ad09a1c62196386e7fc039fc6a0
    dependencies:
    - name: espp/format
      registry_url: https://components.espressif.com
      require: private
      version: '>=1.0'
    - name: idf
      require: private
      version: '>=5.0'
    source:
      registry_url: https://components.espressif.com/
      type: service
    version: 1.2.0
  espp/mt6701:
    component_hash: 8a6daaa79802a888ba2fe6b4b51c0fcb8593348292f815db4a9042f99fee429c
    dependencies:
    - name: espp/base_peripheral
      registry_url: https://components.espressif.com
      require: private
      version: '>=1.0'
    - name: espp/timer
      registry_url: https://components.espressif.com
      require: private
      version: '>=1.0'
    - name: idf
      require: private
      version: '>=5.0'
    source:
      registry_url: https://components.espressif.com/
      type: service
    version: 1.1.1
  espp/pid:
    component_hash: 00bcad024c44e838740b9b47c1470835c2c1da563c0a939151fb765e4b30d272
    dependencies:
    - name: espp/base_component
      registry_url: https://components.espressif.com
      require: private
      version: '>=1.0'
    - name: idf
      require: private
      version: '>=5.0'
    source:
      registry_url: https://components.espressif.com/
      type: service
    version: 1.2.0
  espp/spi:
    component_hash: 16a2358dadaa1fbc63af3f8ea9ff38c49ed5b8f45bfe5c6e49bcefb6a757d5a9
    dependencies:
    - name: espp/base_component
      registry_url: https://components.espressif.com
      require: private
      version: '>=1.0'
    - name: espp/task
      registry_url: https://components.espressif.com
      require: private
      version: '>=1.0'
    - name: idf
      require: private
      version: '>=5.0'
    source:
      registry_url: https://components.espressif.com/
      type: service
    version: 1.1.1
  espp/task:
    component_hash: 9de5b542f07568a6dbd17daf85f8f8b1927dc366a9912b07a1c0cec40e74cb83
    dependencies:
    - name: espp/base_component
      registry_url: https://components.espressif.com
      require: private
      version: '>=1.0'
    - name: idf
      require: private
      version: '>=5.0'
    source:
      registry_url: https://components.espressif.com/
      type: service
    version: 1.2.0
  espp/timer:
    component_hash: 82e149279b7ca2793b0ac10a9d50f28bd1f721bced011ad787d21809717a1425
    dependencies:
    - name: espp/task
      registry_url: https://components.espressif.com
      require: private
      version: '>=1.0'
    - name: idf
      require: private
      version: '>=5.0'
    source:
      registry_url: https://components.espressif.com/
      type: service
    version: 1.2.0
  espressif/esp-dsp:
    component_hash: ed9ac175b14e0414399a2b33c525579414b5bad19a2a67b12ea212def96f9a98
    dependencies:
    - name: idf
      require: private
      version: '>=4.2'
    source:
      registry_url: https://components.espressif.com
      type: service
    version: 1.8.2
  espressif/w5500:
    component_hash: b5f5b466dd0b8f1f2de7ac5b7e4a364e993daf40c999044a54fb545e25be8aba
    dependencies:
    - name: espressif/wiznet_common
      registry_url: https://components.espressif.com
      require: private
      version: ^1.0.0
    - name: idf
      require: private
      version: '>=6.0'
    source:
      registry_url: https://components.espressif.com/
      type: service
    version: 2.0.0
  espressif/wiznet_common:
    component_hash: 57414f4b8ce11295c03030da7ff3ef90184e07b3ba1e8985b5edb2461e9be780
    dependencies:
    - name: idf
      require: private
      version: '>=5.3'
    source:
      registry_url: https://components.espressif.com
      type: service
    version: 1.0.0
  idf:
    source:
      type: idf
    version: 6.0.1
  lm75adp:
    dependencies:
    - name: idf
      version: '>=5.0'
    - name: espp/base_peripheral
      version: '>=1.0'
    source:
      path: ../../lm75adp
      type: local
    version: '*'
direct_dependencies:
- drv8353
- espp/adc
- espp/base_component
- espp/base_peripheral
- espp/bldc_driver
- espp/bldc_motor
- espp/ethernet
- espp/filters
- espp/i2c
- espp/interrupt
- espp/led
- espp/math
- espp/mt6701
- espp/pid
- espp/spi
- espp/task
- espp/timer
- espressif/w5500
- idf
- lm75adp
manifest_hash: 21edff61827fd84e647c43e2ba091b7231750805712fb865ee85a2a69cc13e7a
target: esp32s3
version: 3.0.0
