dependencies:
  drv8353:
    dependencies:
    - name: idf
      version: '>=5.0'
    - name: espp/base_peripheral
      version: '>=1.0'
    source:
      path: ../../drv8353
      type: local
    version: '*'
  espp/adc:
    component_hash: 3a705f2f4ea853019d0ca13c9b21404511c8ddab6f61b6fb222919d9b6502415
    dependencies:
    - name: espp/base_component
      registry_url: https://components.espressif.com
      require: private
      version: '>=1.0'
    - name: espp/task
      registry_url: https://components.espressif.com
      require: private
      version: '>=1.0'
    - name: idf
      require: private
      version: '>=5.0'
    source:
      registry_url: https://components.espressif.com/
      type: service
    version: 1.1.6
  espp/base_component:
    component_hash: 5651445974f90d0686116afaec12615f1552632713cbc194bb984062799c3350
    dependencies:
    - name: espp/logger
      registry_url: https://components.espressif.com
      require: private
      version: '>=1.0'
    - name: idf
      require: private
      version: '>=5.0'
    source:
      registry_url: https://components.espressif.com/
      type: service
    version: 1.2.0
  espp/base_peripheral:
    component_hash: 16772a02f5cd2f5521c0a1c2fe2724c57076ac12d42f843dc9ffdc501601affa
    dependencies:
    - name: espp/base_component
      registry_url: https://components.espressif.com
      require: private
      version: '>=1.0'
    - name: idf
      require: private
      version: '>=5.0'
    source:
      registry_url: https://components.espressif.com/
      type: service
    version: 1.2.0
  espp/bldc_driver:
    component_hash: 86d4656f271819ff401f9055e480a139a0adffd5d78900c15edc06cf8cc8e621
    dependencies:
    - name: espp/base_component
      registry_url: https://components.espressif.com
      require: private
      version: '>=1.0'
    - name: idf
      require: private
      version: '>=5.0'
    source:
      registry_url: https://components.espressif.com/
      type: service
    version: 1.1.6
  espp/bldc_motor:
    component_hash: 98913e8de4afe9c77ae8b3ae07957261ed5cc9059305329954e7b7121aeb06eb
    dependencies:
    - name: espp/base_component
      registry_url: https://components.espressif.com
      require: private
      version: '>=1.0'
    - name: espp/bldc_types
      registry_url: https://components.espressif.com
      require: private
      version: '>=1.0'
    - name: espp/math
      registry_url: https://components.espressif.com
      require: private
      version: '>=1.0'
    - name: espp/pid
      registry_url: https://components.espressif.com
      require: private
      version: '>=1.0'
    - name: espp/task
      registry_url: https://components.espressif.com
      require: private
      version: '>=1.0'
    - name: idf
      require: private
      version: '>=5.0'
    source:
      registry_url: https://components.espressif.com/
      type: service
    version: 1.1.6
  espp/bldc_types:
    component_hash: d152c20c1346b479d232e9c4814acf03acb969c8e67b9a310265813e49f6753b
    dependencies:
    - name: espp/format
      registry_url: https://components.espressif.com
      require: private
      version: '>=1.0'
    - name: idf
      require: private
      version: '>=5.0'
    source:
      registry_url: https://components.espressif.com
      type: service
    version: 1.2.0
  espp/cli:
    component_hash: 495bd10e340b1be69889cad02b7ad5113fac403b6afd14ed35b41d8fea78a3d7
    dependencies:
    - name: espp/logger
      registry_url: https://components.espressif.com
      require: private
      version: '>=1.0'
    - name: idf
      require: private
      version: '>=5.0'
    source:
      registry_url: https://components.espressif.com
      type: service
    version: 1.2.0
  espp/ethernet:
    component_hash: 0f34e6b4b5cc5c0c495a5d23ece41999dede42596e824b3ba570089270c521bb
    dependencies:
    - name: espp/base_component
      registry_url: https://components.espressif.com
      require: private
      version: '>=1.0'
    - name: espressif/dm9051
      registry_url: https://components.espressif.com
      require: private
      rules:
      - if: $CONFIG{ESPP_ETHERNET_DM9051} == True
      version: '*'
    - name: espressif/enc28j60
      registry_url: https://components.espressif.com
      require: private
      rules:
      - if: $CONFIG{ESPP_ETHERNET_ENC28J60} == True
      version: '*'
    - name: espressif/w5500
      registry_url: https://components.espressif.com
      require: private
      rules:
      - if: $CONFIG{ESPP_ETHERNET_W5500} == True
      version: ^2.0.0
    - name: idf
      require: private
      version: '>=5.4'
    source:
      registry_url: https://components.espressif.com/
      type: service
    version: 1.2.0
  espp/filters:
    component_hash: adab3cb9eddc81eed8feb8e9550648fa54c0423e4b6907daeb990627bc10e667
    dependencies:
    - name: espp/format
      registry_url: https://components.espressif.com
      require: private
      version: '>=1.0'
    - name: espp/math
      registry_url: https://components.espressif.com
      require: private
      version: '>=1.0'
    - name: espressif/esp-dsp
      registry_url: https://components.espressif.com
      require: private
      version: '>=1.6.4'
    - name: idf
      require: private
      version: '>=5.0'
    source:
      registry_url: https://components.espressif.com/
      type: service
    version: 1.1.6
  espp/format:
    component_hash: 6fac1268bda6124e276943c8c85d406b8142b99ffcfab2025d313119315004a8
    dependencies:
    - name: idf
      require: private
      version: '>=5.0'
    source:
      registry_url: https://components.espressif.com
      type: service
    version: 1.2.0
  espp/i2c:
    component_hash: a449dac04b324ac3770acedc9fbe6c4782e65d3dabfc68049d8d9adac1647ef4
    dependencies:
    - name: espp/base_component
      registry_url: https://components.espressif.com
      require: private
      version: '>=1.0'
    - name: espp/cli
      registry_url: https://components.espressif.com
      require: private
      version: '>=1.0'
    - name: espp/task
      registry_url: https://components.espressif.com
      require: private
      version: '>=1.0'
    - name: idf
      require: private
      version: '>=5.0'
    source:
      registry_url: https://components.espressif.com/
      type: service
    version: 1.1.6
  espp/interrupt:
    component_hash: d4e7ecabf7d1c7d09d056eeb08491b52cf0a988830d1a7aa27a41ea06f6b845a
    dependencies:
    - name: espp/base_component
      registry_url: https://components.espressif.com
      require: private
      version: '>=1.0'
    - name: espp/task
      registry_url: https://components.espressif.com
      require: private
      version: '>=1.0'
    - name: idf
      require: private
      version: '>=5.0'
    source:
      registry_url: https://components.espressif.com/
      type: service
    version: 1.1.6
  espp/led:
    component_hash: 76d917b3ccb5524f34ee8cc76901ee77ae891a5d6a8ddbc0dd48c619a6776830
    dependencies:
    - name: espp/base_component
      registry_url: https://components.espressif.com
      require: private
      version: '>=1.0'
    - name: espp/task
      registry_url: https://components.espressif.com
      require: private
      version: '>=1.0'
    - name: idf
      require: private
      version: '>=5.0'
    source:
      registry_url: https://components.espressif.com/
      type: service
    version: 1.1.6
  espp/logger:
    component_hash: 061e900870fecd8e9ce74f47dbc0fed541a993eed9e4d7d7835d4d6506ba1d23
    dependencies:
    - name: espp/format
      registry_url: https://components.espressif.com
      require: private
      version: '>=1.0'
    - name: idf
      require: private
      version: '>=5.0'
    source:
      registry_url: https://components.espressif.com
      type: service
    version: 1.2.0
  espp/math:
    component_hash: 34da2b7150e5b89baa0c1757afc9bd2d0d6f8ad09a1c62196386e7fc039fc6a0
    dependencies:
    - name: espp/format
      registry_url: https://components.espressif.com
      require: private
      version: '>=1.0'
    - name: idf
      require: private
      version: '>=5.0'
    source:
      registry_url: https://components.espressif.com/
      type: service
    version: 1.2.0
  espp/mt6701:
    component_hash: bb5456877ea44e00a0d276f2064848049324fb13bfceaec48a7c0a94641017be
    dependencies:
    - name: espp/base_peripheral
      registry_url: https://components.espressif.com
      require: private
      version: '>=1.0'
    - name: espp/timer
      registry_url: https://components.espressif.com
      require: private
      version: '>=1.0'
    - name: idf
      require: private
      version: '>=5.0'
    source:
      registry_url: https://components.espressif.com/
      type: service
    version: 1.1.6
  espp/pid:
    component_hash: 00bcad024c44e838740b9b47c1470835c2c1da563c0a939151fb765e4b30d272
    dependencies:
    - name: espp/base_component
      registry_url: https://components.espressif.com
      require: private
      version: '>=1.0'
    - name: idf
      require: private
      version: '>=5.0'
    source:
      registry_url: https://components.espressif.com/
      type: service
    version: 1.2.0
  espp/spi:
    component_hash: 0ce19fae535c1c138ad7a48f3ada148b46be80b85f6d1d749f6c65beb7798b18
    dependencies:
    - name: espp/base_component
      registry_url: https://components.espressif.com
      require: private
      version: '>=1.0'
    - name: espp/task
      registry_url: https://components.espressif.com
      require: private
      version: '>=1.0'
    - name: idf
      require: private
      version: '>=5.0'
    source:
      registry_url: https://components.espressif.com/
      type: service
    version: 1.1.6
  espp/task:
    component_hash: 9de5b542f07568a6dbd17daf85f8f8b1927dc366a9912b07a1c0cec40e74cb83
    dependencies:
    - name: espp/base_component
      registry_url: https://components.espressif.com
      require: private
      version: '>=1.0'
    - name: idf
      require: private
      version: '>=5.0'
    source:
      registry_url: https://components.espressif.com
      type: service
    version: 1.2.0
  espp/timer:
    component_hash: 82e149279b7ca2793b0ac10a9d50f28bd1f721bced011ad787d21809717a1425
    dependencies:
    - name: espp/task
      registry_url: https://components.espressif.com
      require: private
      version: '>=1.0'
    - name: idf
      require: private
      version: '>=5.0'
    source:
      registry_url: https://components.espressif.com/
      type: service
    version: 1.2.0
  espressif/esp-dsp:
    component_hash: ed9ac175b14e0414399a2b33c525579414b5bad19a2a67b12ea212def96f9a98
    dependencies:
    - name: idf
      require: private
      version: '>=4.2'
    source:
      registry_url: https://components.espressif.com
      type: service
    version: 1.8.2
  espressif/w5500:
    component_hash: b5f5b466dd0b8f1f2de7ac5b7e4a364e993daf40c999044a54fb545e25be8aba
    dependencies:
    - name: espressif/wiznet_common
      registry_url: https://components.espressif.com
      require: private
      version: ^1.0.0
    - name: idf
      require: private
      version: '>=6.0'
    source:
      registry_url: https://components.espressif.com/
      type: service
    version: 2.0.0
  espressif/wiznet_common:
    component_hash: 57414f4b8ce11295c03030da7ff3ef90184e07b3ba1e8985b5edb2461e9be780
    dependencies:
    - name: idf
      require: private
      version: '>=5.3'
    source:
      registry_url: https://components.espressif.com
      type: service
    version: 1.0.0
  idf:
    source:
      type: idf
    version: 6.0.1
  lm75adp:
    dependencies:
    - name: idf
      version: '>=5.0'
    - name: espp/base_peripheral
      version: '>=1.0'
    source:
      path: ../../lm75adp
      type: local
    version: '*'
direct_dependencies:
- drv8353
- espp/adc
- espp/base_component
- espp/base_peripheral
- espp/bldc_driver
- espp/bldc_motor
- espp/ethernet
- espp/filters
- espp/i2c
- espp/interrupt
- espp/led
- espp/math
- espp/mt6701
- espp/pid
- espp/spi
- espp/timer
- espressif/w5500
- idf
- lm75adp
manifest_hash: b1386307a437040e7b7f69c197e47248c916a475b69076b39f95fd9b67dc0e4a
target: esp32s3
version: 3.0.0
